
Microsoft Visual Studio Solution File, Format Version 12.00
# Visual Studio Version 16
VisualStudioVersion = 16.0.31515.178
MinimumVisualStudioVersion = 10.0.40219.1
Project("{FAE04EC0-301F-11D3-BF4B-00C04F79EFBC}") = "HW-Lesson-11", "HW-Lesson-11\HW-Lesson-11.csproj", "{2EAD90BE-448B-46D0-AE9D-26E01BC74D06}"
EndProject
Global
	GlobalSection(SolutionConfigurationPlatforms) = preSolution
		Debug|Any CPU = Debug|Any CPU
		Release|Any CPU = Release|Any CPU
	EndGlobalSection
	GlobalSection(ProjectConfigurationPlatforms) = postSolution
		{2EAD90BE-448B-46D0-AE9D-26E01BC74D06}.Debug|Any CPU.ActiveCfg = Debug|Any CPU
		{2EAD90BE-448B-46D0-AE9D-26E01BC74D06}.Debug|Any CPU.Build.0 = Debug|Any CPU
		{2EAD90BE-448B-46D0-AE9D-26E01BC74D06}.Release|Any CPU.ActiveCfg = Release|Any CPU
		{2EAD90BE-448B-46D0-AE9D-26E01BC74D06}.Release|Any CPU.Build.0 = Release|Any CPU
	EndGlobalSection
	GlobalSection(SolutionProperties) = preSolution
		HideSolutionNode = FALSE
	EndGlobalSection
	GlobalSection(ExtensibilityGlobals) = postSolution
		SolutionGuid = {A15D5CCF-897E-44C9-AAC4-7002D9E1DB87}
	EndGlobalSection
EndGlobal
